
Microsoft Visual Studio Solution File, Format Version 12.00
# Visual Studio Version 17
VisualStudioVersion = 17.3.32819.101
MinimumVisualStudioVersion = 10.0.40219.1
Project("{9A19103F-16F7-4668-BE54-9A1E7A4F7556}") = "ProgressNotesAPI", "ProgressNotesAPI.csproj", "{709DE41E-D09B-4609-A799-F6522AC7266E}"
EndProject
Project("{9A19103F-16F7-4668-BE54-9A1E7A4F7556}") = "ProgressNotesAPI.Infrastructure", "..\ProgressNotesAPI.Infrastructure\ProgressNotesAPI.Infrastructure.csproj", "{6A5CE1DB-8193-4B19-8583-B8207A54D217}"
EndProject
Project("{9A19103F-16F7-4668-BE54-9A1E7A4F7556}") = "MessageExchangeModel", "..\MessageExchangeModel\MessageExchangeModel.csproj", "{21223194-4148-42DE-8E15-D7C77BAA1484}"
EndProject
Global
	GlobalSection(SolutionConfigurationPlatforms) = preSolution
		Debug|Any CPU = Debug|Any CPU
		Release|Any CPU = Release|Any CPU
	EndGlobalSection
	GlobalSection(ProjectConfigurationPlatforms) = postSolution
		{709DE41E-D09B-4609-A799-F6522AC7266E}.Debug|Any CPU.ActiveCfg = Debug|Any CPU
		{709DE41E-D09B-4609-A799-F6522AC7266E}.Debug|Any CPU.Build.0 = Debug|Any CPU
		{709DE41E-D09B-4609-A799-F6522AC7266E}.Release|Any CPU.ActiveCfg = Release|Any CPU
		{709DE41E-D09B-4609-A799-F6522AC7266E}.Release|Any CPU.Build.0 = Release|Any CPU
		{6A5CE1DB-8193-4B19-8583-B8207A54D217}.Debug|Any CPU.ActiveCfg = Debug|Any CPU
		{6A5CE1DB-8193-4B19-8583-B8207A54D217}.Debug|Any CPU.Build.0 = Debug|Any CPU
		{6A5CE1DB-8193-4B19-8583-B8207A54D217}.Release|Any CPU.ActiveCfg = Release|Any CPU
		{6A5CE1DB-8193-4B19-8583-B8207A54D217}.Release|Any CPU.Build.0 = Release|Any CPU
		{21223194-4148-42DE-8E15-D7C77BAA1484}.Debug|Any CPU.ActiveCfg = Debug|Any CPU
		{21223194-4148-42DE-8E15-D7C77BAA1484}.Debug|Any CPU.Build.0 = Debug|Any CPU
		{21223194-4148-42DE-8E15-D7C77BAA1484}.Release|Any CPU.ActiveCfg = Release|Any CPU
		{21223194-4148-42DE-8E15-D7C77BAA1484}.Release|Any CPU.Build.0 = Release|Any CPU
	EndGlobalSection
	GlobalSection(SolutionProperties) = preSolution
		HideSolutionNode = FALSE
	EndGlobalSection
	GlobalSection(ExtensibilityGlobals) = postSolution
		SolutionGuid = {397C6AEF-BED2-46D8-AA31-EFFD2545E7F6}
	EndGlobalSection
EndGlobal
